
Microsoft Visual Studio Solution File, Format Version 12.00
# Visual Studio Version 17
VisualStudioVersion = 17.9.34607.119
MinimumVisualStudioVersion = 10.0.40219.1
Project("{2150E333-8FDC-42A3-9474-1A3956D46DE8}") = "Chapter01", "Chapter01", "{C6A432BE-952B-4822-B5BC-0FA0CF6DA8E5}"
EndProject
Project("{FAE04EC0-301F-11D3-BF4B-00C04F79EFBC}") = "ProductSample", "Chapter01\ProductSample\ProductSample.csproj", "{733B1E67-7784-42E2-BA5A-A089D34D4354}"
EndProject
Project("{FAE04EC0-301F-11D3-BF4B-00C04F79EFBC}") = "Sample_p38", "Chapter01\Sample_p38\Sample_p38.csproj", "{40E7D773-A258-4C14-8A49-6DBF7B11422B}"
EndProject
Project("{2150E333-8FDC-42A3-9474-1A3956D46DE8}") = "Chapter02", "Chapter02", "{21A3788D-74B5-4A02-927E-8A1DCAA48C8A}"
EndProject
Project("{2150E333-8FDC-42A3-9474-1A3956D46DE8}") = "距離換算プログラム", "距離換算プログラム", "{61C72A8B-E7A9-48A5-A19A-A9BD74254834}"
EndProject
Project("{FAE04EC0-301F-11D3-BF4B-00C04F79EFBC}") = "DistanceConverter", "Chapter02\DistanceConverter\DistanceConverter.csproj", "{99A3EA3F-0A7A-4FA0-8E31-A120F855F274}"
EndProject
Project("{2150E333-8FDC-42A3-9474-1A3956D46DE8}") = "売上集計プログラム", "売上集計プログラム", "{CB0E5E06-9274-41A9-8C80-64A31BE8316D}"
EndProject
Project("{FAE04EC0-301F-11D3-BF4B-00C04F79EFBC}") = "SalesCounter", "Chapter02\SalesCounter\SalesCounter.csproj", "{E743F90F-98E5-489B-8E45-CC4E45837E7B}"
EndProject
Project("{2150E333-8FDC-42A3-9474-1A3956D46DE8}") = "#演習問題", "#演習問題", "{F4250DEB-8F76-4835-9627-D4FB52429559}"
EndProject
Project("{FAE04EC0-301F-11D3-BF4B-00C04F79EFBC}") = "Exercise1", "Chapter02\演習問題\Exercise1\Exercise1.csproj", "{197A2FC8-F5AE-4B38-811E-45A820993E8D}"
EndProject
Project("{FAE04EC0-301F-11D3-BF4B-00C04F79EFBC}") = "Exercise2", "Chapter02\演習問題\Exercise2\Exercise2.csproj", "{ACD1276E-23C5-4399-BE63-D1FD49A5AB31}"
EndProject
Project("{2150E333-8FDC-42A3-9474-1A3956D46DE8}") = "FromApps", "FromApps", "{E1B9B148-BBA0-4641-BC1A-8FB69D468BCD}"
EndProject
Project("{9A19103F-16F7-4668-BE54-9A1E7A4F7556}") = "BallApp", "FromApps\BallApp\BallApp.csproj", "{E0589DF3-A07F-43A3-8D52-8E4573A9D289}"
EndProject
Project("{2150E333-8FDC-42A3-9474-1A3956D46DE8}") = "Chapter03", "Chapter03", "{4B1FA201-D476-4E38-B1AD-849CB50E3949}"
EndProject
Project("{FAE04EC0-301F-11D3-BF4B-00C04F79EFBC}") = "Section01", "Chapter03\Section01\Section01.csproj", "{DF297F9B-D00D-4B56-8C2C-A32DACF8298F}"
EndProject
Project("{2150E333-8FDC-42A3-9474-1A3956D46DE8}") = "演習問題", "演習問題", "{968D47FD-3BF5-419F-A41C-0390CA9E158F}"
EndProject
Project("{FAE04EC0-301F-11D3-BF4B-00C04F79EFBC}") = "Exercize01", "Chapter03\演習問題\Exercize01\Exercize01.csproj", "{2BF4A7A4-B421-45B3-95F6-BB0043035F2C}"
EndProject
Project("{FAE04EC0-301F-11D3-BF4B-00C04F79EFBC}") = "Exercise02", "Chapter03\演習問題\Exercise02\Exercise02.csproj", "{3340A22C-335E-4601-BE0C-CF4416BC71A2}"
EndProject
Project("{2150E333-8FDC-42A3-9474-1A3956D46DE8}") = "Chapter04", "Chapter04", "{CC4B6E57-C9C8-4A38-A6C2-6AA6FD87B7AE}"
EndProject
Project("{FAE04EC0-301F-11D3-BF4B-00C04F79EFBC}") = "Section01", "Chapter04\Section01\Section01.csproj", "{BDA674ED-BFB4-4346-BB91-9E173CC6B50E}"
EndProject
Project("{2150E333-8FDC-42A3-9474-1A3956D46DE8}") = "演習問題", "演習問題", "{02C79C7F-B5FC-4FCD-95E2-2F7CA3BA2835}"
EndProject
Project("{FAE04EC0-301F-11D3-BF4B-00C04F79EFBC}") = "Exercise01", "Chapter04\演習問題\ConsoleApp1\Exercise01.csproj", "{5974FFE5-4E98-46A6-A493-B0E6252C7993}"
EndProject
Project("{FAE04EC0-301F-11D3-BF4B-00C04F79EFBC}") = "Exercise02", "Chapter04\演習問題\Exercise02\Exercise02.csproj", "{5D123285-21B6-4190-A6B8-5B69552735AE}"
EndProject
Project("{2150E333-8FDC-42A3-9474-1A3956D46DE8}") = "Chapter05", "Chapter05", "{4500EFA8-0A30-4149-8061-F405B1768AA0}"
EndProject
Project("{2150E333-8FDC-42A3-9474-1A3956D46DE8}") = "演習問題", "演習問題", "{08058693-40CE-42D6-B69E-6DD85CFC9D43}"
EndProject
Project("{FAE04EC0-301F-11D3-BF4B-00C04F79EFBC}") = "Exercis01", "Chapter05\Exercis01\Exercis01.csproj", "{5BDF3E77-56C0-4C23-94F8-1904C49E4913}"
EndProject
Project("{FAE04EC0-301F-11D3-BF4B-00C04F79EFBC}") = "Exercis02", "Chapter05\Exercis02\Exercis02.csproj", "{59BA49CD-1D25-477C-8060-C1E7D3FBFCD5}"
EndProject
Project("{FAE04EC0-301F-11D3-BF4B-00C04F79EFBC}") = "Exercis03", "Chapter05\Exercis03\Exercis03.csproj", "{4CA1460E-2728-4882-92E6-C4B3E62C892D}"
EndProject
Project("{FAE04EC0-301F-11D3-BF4B-00C04F79EFBC}") = "Exercis04", "Chapter05\Exercis04\Exercis04.csproj", "{0AC8C645-12CB-47D5-8348-A023E240F922}"
EndProject
Project("{2150E333-8FDC-42A3-9474-1A3956D46DE8}") = "Chapter06", "Chapter06", "{6B49CCAC-70AA-44C8-9D03-A282E8AFDB72}"
EndProject
Project("{FAE04EC0-301F-11D3-BF4B-00C04F79EFBC}") = "Section01", "Chapter06\Section01\Section01.csproj", "{7C8429FD-A046-47A7-BE4F-4AE793F454DC}"
EndProject
Project("{2150E333-8FDC-42A3-9474-1A3956D46DE8}") = "演習問題", "演習問題", "{D112CE2D-E582-4BBB-B4BB-9DB7AAF61C89}"
EndProject
Project("{FAE04EC0-301F-11D3-BF4B-00C04F79EFBC}") = "Exercise01", "Chapter06\演習問題\Exercise01\Exercise01.csproj", "{F109DEDD-E53B-4BEA-BCE5-E3C3DF11247B}"
EndProject
Project("{FAE04EC0-301F-11D3-BF4B-00C04F79EFBC}") = "Exercise02", "Chapter06\演習問題\Exercise02\Exercise02.csproj", "{BFB6516C-6D0B-4F72-A8A3-0B2C7B7D8197}"
EndProject
Global
	GlobalSection(SolutionConfigurationPlatforms) = preSolution
		Debug|Any CPU = Debug|Any CPU
		Release|Any CPU = Release|Any CPU
	EndGlobalSection
	GlobalSection(ProjectConfigurationPlatforms) = postSolution
		{733B1E67-7784-42E2-BA5A-A089D34D4354}.Debug|Any CPU.ActiveCfg = Debug|Any CPU
		{733B1E67-7784-42E2-BA5A-A089D34D4354}.Debug|Any CPU.Build.0 = Debug|Any CPU
		{733B1E67-7784-42E2-BA5A-A089D34D4354}.Release|Any CPU.ActiveCfg = Release|Any CPU
		{733B1E67-7784-42E2-BA5A-A089D34D4354}.Release|Any CPU.Build.0 = Release|Any CPU
		{40E7D773-A258-4C14-8A49-6DBF7B11422B}.Debug|Any CPU.ActiveCfg = Debug|Any CPU
		{40E7D773-A258-4C14-8A49-6DBF7B11422B}.Debug|Any CPU.Build.0 = Debug|Any CPU
		{40E7D773-A258-4C14-8A49-6DBF7B11422B}.Release|Any CPU.ActiveCfg = Release|Any CPU
		{40E7D773-A258-4C14-8A49-6DBF7B11422B}.Release|Any CPU.Build.0 = Release|Any CPU
		{99A3EA3F-0A7A-4FA0-8E31-A120F855F274}.Debug|Any CPU.ActiveCfg = Debug|Any CPU
		{99A3EA3F-0A7A-4FA0-8E31-A120F855F274}.Debug|Any CPU.Build.0 = Debug|Any CPU
		{99A3EA3F-0A7A-4FA0-8E31-A120F855F274}.Release|Any CPU.ActiveCfg = Release|Any CPU
		{99A3EA3F-0A7A-4FA0-8E31-A120F855F274}.Release|Any CPU.Build.0 = Release|Any CPU
		{E743F90F-98E5-489B-8E45-CC4E45837E7B}.Debug|Any CPU.ActiveCfg = Debug|Any CPU
		{E743F90F-98E5-489B-8E45-CC4E45837E7B}.Debug|Any CPU.Build.0 = Debug|Any CPU
		{E743F90F-98E5-489B-8E45-CC4E45837E7B}.Release|Any CPU.ActiveCfg = Release|Any CPU
		{E743F90F-98E5-489B-8E45-CC4E45837E7B}.Release|Any CPU.Build.0 = Release|Any CPU
		{197A2FC8-F5AE-4B38-811E-45A820993E8D}.Debug|Any CPU.ActiveCfg = Debug|Any CPU
		{197A2FC8-F5AE-4B38-811E-45A820993E8D}.Debug|Any CPU.Build.0 = Debug|Any CPU
		{197A2FC8-F5AE-4B38-811E-45A820993E8D}.Release|Any CPU.ActiveCfg = Release|Any CPU
		{197A2FC8-F5AE-4B38-811E-45A820993E8D}.Release|Any CPU.Build.0 = Release|Any CPU
		{ACD1276E-23C5-4399-BE63-D1FD49A5AB31}.Debug|Any CPU.ActiveCfg = Debug|Any CPU
		{ACD1276E-23C5-4399-BE63-D1FD49A5AB31}.Debug|Any CPU.Build.0 = Debug|Any CPU
		{ACD1276E-23C5-4399-BE63-D1FD49A5AB31}.Release|Any CPU.ActiveCfg = Release|Any CPU
		{ACD1276E-23C5-4399-BE63-D1FD49A5AB31}.Release|Any CPU.Build.0 = Release|Any CPU
		{E0589DF3-A07F-43A3-8D52-8E4573A9D289}.Debug|Any CPU.ActiveCfg = Debug|Any CPU
		{E0589DF3-A07F-43A3-8D52-8E4573A9D289}.Debug|Any CPU.Build.0 = Debug|Any CPU
		{E0589DF3-A07F-43A3-8D52-8E4573A9D289}.Release|Any CPU.ActiveCfg = Release|Any CPU
		{E0589DF3-A07F-43A3-8D52-8E4573A9D289}.Release|Any CPU.Build.0 = Release|Any CPU
		{DF297F9B-D00D-4B56-8C2C-A32DACF8298F}.Debug|Any CPU.ActiveCfg = Debug|Any CPU
		{DF297F9B-D00D-4B56-8C2C-A32DACF8298F}.Debug|Any CPU.Build.0 = Debug|Any CPU
		{DF297F9B-D00D-4B56-8C2C-A32DACF8298F}.Release|Any CPU.ActiveCfg = Release|Any CPU
		{DF297F9B-D00D-4B56-8C2C-A32DACF8298F}.Release|Any CPU.Build.0 = Release|Any CPU
		{2BF4A7A4-B421-45B3-95F6-BB0043035F2C}.Debug|Any CPU.ActiveCfg = Debug|Any CPU
		{2BF4A7A4-B421-45B3-95F6-BB0043035F2C}.Debug|Any CPU.Build.0 = Debug|Any CPU
		{2BF4A7A4-B421-45B3-95F6-BB0043035F2C}.Release|Any CPU.ActiveCfg = Release|Any CPU
		{2BF4A7A4-B421-45B3-95F6-BB0043035F2C}.Release|Any CPU.Build.0 = Release|Any CPU
		{3340A22C-335E-4601-BE0C-CF4416BC71A2}.Debug|Any CPU.ActiveCfg = Debug|Any CPU
		{3340A22C-335E-4601-BE0C-CF4416BC71A2}.Debug|Any CPU.Build.0 = Debug|Any CPU
		{3340A22C-335E-4601-BE0C-CF4416BC71A2}.Release|Any CPU.ActiveCfg = Release|Any CPU
		{3340A22C-335E-4601-BE0C-CF4416BC71A2}.Release|Any CPU.Build.0 = Release|Any CPU
		{BDA674ED-BFB4-4346-BB91-9E173CC6B50E}.Debug|Any CPU.ActiveCfg = Debug|Any CPU
		{BDA674ED-BFB4-4346-BB91-9E173CC6B50E}.Debug|Any CPU.Build.0 = Debug|Any CPU
		{BDA674ED-BFB4-4346-BB91-9E173CC6B50E}.Release|Any CPU.ActiveCfg = Release|Any CPU
		{BDA674ED-BFB4-4346-BB91-9E173CC6B50E}.Release|Any CPU.Build.0 = Release|Any CPU
		{5974FFE5-4E98-46A6-A493-B0E6252C7993}.Debug|Any CPU.ActiveCfg = Debug|Any CPU
		{5974FFE5-4E98-46A6-A493-B0E6252C7993}.Debug|Any CPU.Build.0 = Debug|Any CPU
		{5974FFE5-4E98-46A6-A493-B0E6252C7993}.Release|Any CPU.ActiveCfg = Release|Any CPU
		{5974FFE5-4E98-46A6-A493-B0E6252C7993}.Release|Any CPU.Build.0 = Release|Any CPU
		{5D123285-21B6-4190-A6B8-5B69552735AE}.Debug|Any CPU.ActiveCfg = Debug|Any CPU
		{5D123285-21B6-4190-A6B8-5B69552735AE}.Debug|Any CPU.Build.0 = Debug|Any CPU
		{5D123285-21B6-4190-A6B8-5B69552735AE}.Release|Any CPU.ActiveCfg = Release|Any CPU
		{5D123285-21B6-4190-A6B8-5B69552735AE}.Release|Any CPU.Build.0 = Release|Any CPU
		{5BDF3E77-56C0-4C23-94F8-1904C49E4913}.Debug|Any CPU.ActiveCfg = Debug|Any CPU
		{5BDF3E77-56C0-4C23-94F8-1904C49E4913}.Debug|Any CPU.Build.0 = Debug|Any CPU
		{5BDF3E77-56C0-4C23-94F8-1904C49E4913}.Release|Any CPU.ActiveCfg = Release|Any CPU
		{5BDF3E77-56C0-4C23-94F8-1904C49E4913}.Release|Any CPU.Build.0 = Release|Any CPU
		{59BA49CD-1D25-477C-8060-C1E7D3FBFCD5}.Debug|Any CPU.ActiveCfg = Debug|Any CPU
		{59BA49CD-1D25-477C-8060-C1E7D3FBFCD5}.Debug|Any CPU.Build.0 = Debug|Any CPU
		{59BA49CD-1D25-477C-8060-C1E7D3FBFCD5}.Release|Any CPU.ActiveCfg = Release|Any CPU
		{59BA49CD-1D25-477C-8060-C1E7D3FBFCD5}.Release|Any CPU.Build.0 = Release|Any CPU
		{4CA1460E-2728-4882-92E6-C4B3E62C892D}.Debug|Any CPU.ActiveCfg = Debug|Any CPU
		{4CA1460E-2728-4882-92E6-C4B3E62C892D}.Debug|Any CPU.Build.0 = Debug|Any CPU
		{4CA1460E-2728-4882-92E6-C4B3E62C892D}.Release|Any CPU.ActiveCfg = Release|Any CPU
		{4CA1460E-2728-4882-92E6-C4B3E62C892D}.Release|Any CPU.Build.0 = Release|Any CPU
		{0AC8C645-12CB-47D5-8348-A023E240F922}.Debug|Any CPU.ActiveCfg = Debug|Any CPU
		{0AC8C645-12CB-47D5-8348-A023E240F922}.Debug|Any CPU.Build.0 = Debug|Any CPU
		{0AC8C645-12CB-47D5-8348-A023E240F922}.Release|Any CPU.ActiveCfg = Release|Any CPU
		{0AC8C645-12CB-47D5-8348-A023E240F922}.Release|Any CPU.Build.0 = Release|Any CPU
		{7C8429FD-A046-47A7-BE4F-4AE793F454DC}.Debug|Any CPU.ActiveCfg = Debug|Any CPU
		{7C8429FD-A046-47A7-BE4F-4AE793F454DC}.Debug|Any CPU.Build.0 = Debug|Any CPU
		{7C8429FD-A046-47A7-BE4F-4AE793F454DC}.Release|Any CPU.ActiveCfg = Release|Any CPU
		{7C8429FD-A046-47A7-BE4F-4AE793F454DC}.Release|Any CPU.Build.0 = Release|Any CPU
		{F109DEDD-E53B-4BEA-BCE5-E3C3DF11247B}.Debug|Any CPU.ActiveCfg = Debug|Any CPU
		{F109DEDD-E53B-4BEA-BCE5-E3C3DF11247B}.Debug|Any CPU.Build.0 = Debug|Any CPU
		{F109DEDD-E53B-4BEA-BCE5-E3C3DF11247B}.Release|Any CPU.ActiveCfg = Release|Any CPU
		{F109DEDD-E53B-4BEA-BCE5-E3C3DF11247B}.Release|Any CPU.Build.0 = Release|Any CPU
		{BFB6516C-6D0B-4F72-A8A3-0B2C7B7D8197}.Debug|Any CPU.ActiveCfg = Debug|Any CPU
		{BFB6516C-6D0B-4F72-A8A3-0B2C7B7D8197}.Debug|Any CPU.Build.0 = Debug|Any CPU
		{BFB6516C-6D0B-4F72-A8A3-0B2C7B7D8197}.Release|Any CPU.ActiveCfg = Release|Any CPU
		{BFB6516C-6D0B-4F72-A8A3-0B2C7B7D8197}.Release|Any CPU.Build.0 = Release|Any CPU
	EndGlobalSection
	GlobalSection(SolutionProperties) = preSolution
		HideSolutionNode = FALSE
	EndGlobalSection
	GlobalSection(NestedProjects) = preSolution
		{733B1E67-7784-42E2-BA5A-A089D34D4354} = {C6A432BE-952B-4822-B5BC-0FA0CF6DA8E5}
		{40E7D773-A258-4C14-8A49-6DBF7B11422B} = {C6A432BE-952B-4822-B5BC-0FA0CF6DA8E5}
		{61C72A8B-E7A9-48A5-A19A-A9BD74254834} = {21A3788D-74B5-4A02-927E-8A1DCAA48C8A}
		{99A3EA3F-0A7A-4FA0-8E31-A120F855F274} = {61C72A8B-E7A9-48A5-A19A-A9BD74254834}
		{CB0E5E06-9274-41A9-8C80-64A31BE8316D} = {21A3788D-74B5-4A02-927E-8A1DCAA48C8A}
		{E743F90F-98E5-489B-8E45-CC4E45837E7B} = {CB0E5E06-9274-41A9-8C80-64A31BE8316D}
		{F4250DEB-8F76-4835-9627-D4FB52429559} = {21A3788D-74B5-4A02-927E-8A1DCAA48C8A}
		{197A2FC8-F5AE-4B38-811E-45A820993E8D} = {F4250DEB-8F76-4835-9627-D4FB52429559}
		{ACD1276E-23C5-4399-BE63-D1FD49A5AB31} = {F4250DEB-8F76-4835-9627-D4FB52429559}
		{E0589DF3-A07F-43A3-8D52-8E4573A9D289} = {E1B9B148-BBA0-4641-BC1A-8FB69D468BCD}
		{DF297F9B-D00D-4B56-8C2C-A32DACF8298F} = {4B1FA201-D476-4E38-B1AD-849CB50E3949}
		{968D47FD-3BF5-419F-A41C-0390CA9E158F} = {4B1FA201-D476-4E38-B1AD-849CB50E3949}
		{2BF4A7A4-B421-45B3-95F6-BB0043035F2C} = {968D47FD-3BF5-419F-A41C-0390CA9E158F}
		{3340A22C-335E-4601-BE0C-CF4416BC71A2} = {968D47FD-3BF5-419F-A41C-0390CA9E158F}
		{BDA674ED-BFB4-4346-BB91-9E173CC6B50E} = {CC4B6E57-C9C8-4A38-A6C2-6AA6FD87B7AE}
		{02C79C7F-B5FC-4FCD-95E2-2F7CA3BA2835} = {CC4B6E57-C9C8-4A38-A6C2-6AA6FD87B7AE}
		{5974FFE5-4E98-46A6-A493-B0E6252C7993} = {02C79C7F-B5FC-4FCD-95E2-2F7CA3BA2835}
		{5D123285-21B6-4190-A6B8-5B69552735AE} = {02C79C7F-B5FC-4FCD-95E2-2F7CA3BA2835}
		{08058693-40CE-42D6-B69E-6DD85CFC9D43} = {4500EFA8-0A30-4149-8061-F405B1768AA0}
		{5BDF3E77-56C0-4C23-94F8-1904C49E4913} = {08058693-40CE-42D6-B69E-6DD85CFC9D43}
		{59BA49CD-1D25-477C-8060-C1E7D3FBFCD5} = {08058693-40CE-42D6-B69E-6DD85CFC9D43}
		{4CA1460E-2728-4882-92E6-C4B3E62C892D} = {08058693-40CE-42D6-B69E-6DD85CFC9D43}
		{0AC8C645-12CB-47D5-8348-A023E240F922} = {08058693-40CE-42D6-B69E-6DD85CFC9D43}
		{7C8429FD-A046-47A7-BE4F-4AE793F454DC} = {6B49CCAC-70AA-44C8-9D03-A282E8AFDB72}
		{D112CE2D-E582-4BBB-B4BB-9DB7AAF61C89} = {6B49CCAC-70AA-44C8-9D03-A282E8AFDB72}
		{F109DEDD-E53B-4BEA-BCE5-E3C3DF11247B} = {D112CE2D-E582-4BBB-B4BB-9DB7AAF61C89}
		{BFB6516C-6D0B-4F72-A8A3-0B2C7B7D8197} = {D112CE2D-E582-4BBB-B4BB-9DB7AAF61C89}
	EndGlobalSection
	GlobalSection(ExtensibilityGlobals) = postSolution
		SolutionGuid = {2CF6115A-85D4-4563-A567-828530BE6507}
	EndGlobalSection
EndGlobal
