
Microsoft Visual Studio Solution File, Format Version 12.00
# Visual Studio Version 17
VisualStudioVersion = 17.9.34607.119
MinimumVisualStudioVersion = 10.0.40219.1
Project("{2150E333-8FDC-42A3-9474-1A3956D46DE8}") = "Chapter01", "Chapter01", "{C6A432BE-952B-4822-B5BC-0FA0CF6DA8E5}"
EndProject
Project("{FAE04EC0-301F-11D3-BF4B-00C04F79EFBC}") = "ProductSample", "Chapter01\ProductSample\ProductSample.csproj", "{733B1E67-7784-42E2-BA5A-A089D34D4354}"
EndProject
Project("{FAE04EC0-301F-11D3-BF4B-00C04F79EFBC}") = "Sample_p38", "Chapter01\Sample_p38\Sample_p38.csproj", "{40E7D773-A258-4C14-8A49-6DBF7B11422B}"
EndProject
Project("{2150E333-8FDC-42A3-9474-1A3956D46DE8}") = "Chapter02", "Chapter02", "{21A3788D-74B5-4A02-927E-8A1DCAA48C8A}"
EndProject
Project("{2150E333-8FDC-42A3-9474-1A3956D46DE8}") = "距離換算プログラム", "距離換算プログラム", "{61C72A8B-E7A9-48A5-A19A-A9BD74254834}"
EndProject
Project("{FAE04EC0-301F-11D3-BF4B-00C04F79EFBC}") = "DistanceConverter", "Chapter02\DistanceConverter\DistanceConverter.csproj", "{99A3EA3F-0A7A-4FA0-8E31-A120F855F274}"
EndProject
Project("{2150E333-8FDC-42A3-9474-1A3956D46DE8}") = "売上集計プログラム", "売上集計プログラム", "{CB0E5E06-9274-41A9-8C80-64A31BE8316D}"
EndProject
Project("{FAE04EC0-301F-11D3-BF4B-00C04F79EFBC}") = "SalesCounter", "Chapter02\SalesCounter\SalesCounter.csproj", "{E743F90F-98E5-489B-8E45-CC4E45837E7B}"
EndProject
Project("{2150E333-8FDC-42A3-9474-1A3956D46DE8}") = "#演習問題", "#演習問題", "{F4250DEB-8F76-4835-9627-D4FB52429559}"
EndProject
Project("{FAE04EC0-301F-11D3-BF4B-00C04F79EFBC}") = "Exercise1", "Chapter02\演習問題\Exercise1\Exercise1.csproj", "{197A2FC8-F5AE-4B38-811E-45A820993E8D}"
EndProject
Project("{FAE04EC0-301F-11D3-BF4B-00C04F79EFBC}") = "Exercise2", "Chapter02\演習問題\Exercise2\Exercise2.csproj", "{ACD1276E-23C5-4399-BE63-D1FD49A5AB31}"
EndProject
Global
	GlobalSection(SolutionConfigurationPlatforms) = preSolution
		Debug|Any CPU = Debug|Any CPU
		Release|Any CPU = Release|Any CPU
	EndGlobalSection
	GlobalSection(ProjectConfigurationPlatforms) = postSolution
		{733B1E67-7784-42E2-BA5A-A089D34D4354}.Debug|Any CPU.ActiveCfg = Debug|Any CPU
		{733B1E67-7784-42E2-BA5A-A089D34D4354}.Debug|Any CPU.Build.0 = Debug|Any CPU
		{733B1E67-7784-42E2-BA5A-A089D34D4354}.Release|Any CPU.ActiveCfg = Release|Any CPU
		{733B1E67-7784-42E2-BA5A-A089D34D4354}.Release|Any CPU.Build.0 = Release|Any CPU
		{40E7D773-A258-4C14-8A49-6DBF7B11422B}.Debug|Any CPU.ActiveCfg = Debug|Any CPU
		{40E7D773-A258-4C14-8A49-6DBF7B11422B}.Debug|Any CPU.Build.0 = Debug|Any CPU
		{40E7D773-A258-4C14-8A49-6DBF7B11422B}.Release|Any CPU.ActiveCfg = Release|Any CPU
		{40E7D773-A258-4C14-8A49-6DBF7B11422B}.Release|Any CPU.Build.0 = Release|Any CPU
		{99A3EA3F-0A7A-4FA0-8E31-A120F855F274}.Debug|Any CPU.ActiveCfg = Debug|Any CPU
		{99A3EA3F-0A7A-4FA0-8E31-A120F855F274}.Debug|Any CPU.Build.0 = Debug|Any CPU
		{99A3EA3F-0A7A-4FA0-8E31-A120F855F274}.Release|Any CPU.ActiveCfg = Release|Any CPU
		{99A3EA3F-0A7A-4FA0-8E31-A120F855F274}.Release|Any CPU.Build.0 = Release|Any CPU
		{E743F90F-98E5-489B-8E45-CC4E45837E7B}.Debug|Any CPU.ActiveCfg = Debug|Any CPU
		{E743F90F-98E5-489B-8E45-CC4E45837E7B}.Debug|Any CPU.Build.0 = Debug|Any CPU
		{E743F90F-98E5-489B-8E45-CC4E45837E7B}.Release|Any CPU.ActiveCfg = Release|Any CPU
		{E743F90F-98E5-489B-8E45-CC4E45837E7B}.Release|Any CPU.Build.0 = Release|Any CPU
		{197A2FC8-F5AE-4B38-811E-45A820993E8D}.Debug|Any CPU.ActiveCfg = Debug|Any CPU
		{197A2FC8-F5AE-4B38-811E-45A820993E8D}.Debug|Any CPU.Build.0 = Debug|Any CPU
		{197A2FC8-F5AE-4B38-811E-45A820993E8D}.Release|Any CPU.ActiveCfg = Release|Any CPU
		{197A2FC8-F5AE-4B38-811E-45A820993E8D}.Release|Any CPU.Build.0 = Release|Any CPU
		{ACD1276E-23C5-4399-BE63-D1FD49A5AB31}.Debug|Any CPU.ActiveCfg = Debug|Any CPU
		{ACD1276E-23C5-4399-BE63-D1FD49A5AB31}.Debug|Any CPU.Build.0 = Debug|Any CPU
		{ACD1276E-23C5-4399-BE63-D1FD49A5AB31}.Release|Any CPU.ActiveCfg = Release|Any CPU
		{ACD1276E-23C5-4399-BE63-D1FD49A5AB31}.Release|Any CPU.Build.0 = Release|Any CPU
	EndGlobalSection
	GlobalSection(SolutionProperties) = preSolution
		HideSolutionNode = FALSE
	EndGlobalSection
	GlobalSection(NestedProjects) = preSolution
		{733B1E67-7784-42E2-BA5A-A089D34D4354} = {C6A432BE-952B-4822-B5BC-0FA0CF6DA8E5}
		{40E7D773-A258-4C14-8A49-6DBF7B11422B} = {C6A432BE-952B-4822-B5BC-0FA0CF6DA8E5}
		{61C72A8B-E7A9-48A5-A19A-A9BD74254834} = {21A3788D-74B5-4A02-927E-8A1DCAA48C8A}
		{99A3EA3F-0A7A-4FA0-8E31-A120F855F274} = {61C72A8B-E7A9-48A5-A19A-A9BD74254834}
		{CB0E5E06-9274-41A9-8C80-64A31BE8316D} = {21A3788D-74B5-4A02-927E-8A1DCAA48C8A}
		{E743F90F-98E5-489B-8E45-CC4E45837E7B} = {CB0E5E06-9274-41A9-8C80-64A31BE8316D}
		{F4250DEB-8F76-4835-9627-D4FB52429559} = {21A3788D-74B5-4A02-927E-8A1DCAA48C8A}
		{197A2FC8-F5AE-4B38-811E-45A820993E8D} = {F4250DEB-8F76-4835-9627-D4FB52429559}
		{ACD1276E-23C5-4399-BE63-D1FD49A5AB31} = {F4250DEB-8F76-4835-9627-D4FB52429559}
	EndGlobalSection
	GlobalSection(ExtensibilityGlobals) = postSolution
		SolutionGuid = {2CF6115A-85D4-4563-A567-828530BE6507}
	EndGlobalSection
EndGlobal
